
Microsoft Visual Studio Solution File, Format Version 12.00
# Visual Studio Version 17
VisualStudioVersion = 17.11.35312.102
MinimumVisualStudioVersion = 10.0.40219.1
Project("{9A19103F-16F7-4668-BE54-9A1E7A4F7556}") = "UsuariosApp.API", "UsuariosApp.API\UsuariosApp.API.csproj", "{D288D679-45D7-4B86-9F42-F792B5140978}"
EndProject
Project("{2150E333-8FDC-42A3-9474-1A3956D46DE8}") = "Itens de Solução", "Itens de Solução", "{CE8E4CEF-A7C1-4DBE-BF17-F43C6E5CE2DD}"
	ProjectSection(SolutionItems) = preProject
		docker-compose.yml = docker-compose.yml
	EndProjectSection
EndProject
Project("{FAE04EC0-301F-11D3-BF4B-00C04F79EFBC}") = "UsuariosApp.Tests", "UsuariosApp.Tests\UsuariosApp.Tests.csproj", "{9F9BC7EA-E94D-4057-B32D-C8B23B739562}"
EndProject
Global
	GlobalSection(SolutionConfigurationPlatforms) = preSolution
		Debug|Any CPU = Debug|Any CPU
		Release|Any CPU = Release|Any CPU
	EndGlobalSection
	GlobalSection(ProjectConfigurationPlatforms) = postSolution
		{D288D679-45D7-4B86-9F42-F792B5140978}.Debug|Any CPU.ActiveCfg = Debug|Any CPU
		{D288D679-45D7-4B86-9F42-F792B5140978}.Debug|Any CPU.Build.0 = Debug|Any CPU
		{D288D679-45D7-4B86-9F42-F792B5140978}.Release|Any CPU.ActiveCfg = Release|Any CPU
		{D288D679-45D7-4B86-9F42-F792B5140978}.Release|Any CPU.Build.0 = Release|Any CPU
		{9F9BC7EA-E94D-4057-B32D-C8B23B739562}.Debug|Any CPU.ActiveCfg = Debug|Any CPU
		{9F9BC7EA-E94D-4057-B32D-C8B23B739562}.Debug|Any CPU.Build.0 = Debug|Any CPU
		{9F9BC7EA-E94D-4057-B32D-C8B23B739562}.Release|Any CPU.ActiveCfg = Release|Any CPU
		{9F9BC7EA-E94D-4057-B32D-C8B23B739562}.Release|Any CPU.Build.0 = Release|Any CPU
	EndGlobalSection
	GlobalSection(SolutionProperties) = preSolution
		HideSolutionNode = FALSE
	EndGlobalSection
	GlobalSection(ExtensibilityGlobals) = postSolution
		SolutionGuid = {053F51B8-F2D2-46A8-9869-58490FE38354}
	EndGlobalSection
EndGlobal
